
Microsoft Visual Studio Solution File, Format Version 12.00
# Visual Studio 15
VisualStudioVersion = 15.0.26124.0
MinimumVisualStudioVersion = 15.0.26124.0
Project("{2150E333-8FDC-42A3-9474-1A3956D46DE8}") = "src", "src", "{E86AF5B4-2717-402B-9B3F-CC57435181C5}"
EndProject
Project("{FAE04EC0-301F-11D3-BF4B-00C04F79EFBC}") = "auth", "src\auth\auth.csproj", "{CBB25073-103C-45B3-9C26-27EB67B96394}"
EndProject
Project("{FAE04EC0-301F-11D3-BF4B-00C04F79EFBC}") = "webapi", "src\webapi\webapi.csproj", "{670507CC-C786-4E3C-A319-022AA5A7F8A3}"
EndProject
Global
	GlobalSection(SolutionConfigurationPlatforms) = preSolution
		Debug|Any CPU = Debug|Any CPU
		Debug|x64 = Debug|x64
		Debug|x86 = Debug|x86
		Release|Any CPU = Release|Any CPU
		Release|x64 = Release|x64
		Release|x86 = Release|x86
	EndGlobalSection
	GlobalSection(SolutionProperties) = preSolution
		HideSolutionNode = FALSE
	EndGlobalSection
	GlobalSection(ProjectConfigurationPlatforms) = postSolution
		{CBB25073-103C-45B3-9C26-27EB67B96394}.Debug|Any CPU.ActiveCfg = Debug|Any CPU
		{CBB25073-103C-45B3-9C26-27EB67B96394}.Debug|Any CPU.Build.0 = Debug|Any CPU
		{CBB25073-103C-45B3-9C26-27EB67B96394}.Debug|x64.ActiveCfg = Debug|Any CPU
		{CBB25073-103C-45B3-9C26-27EB67B96394}.Debug|x64.Build.0 = Debug|Any CPU
		{CBB25073-103C-45B3-9C26-27EB67B96394}.Debug|x86.ActiveCfg = Debug|Any CPU
		{CBB25073-103C-45B3-9C26-27EB67B96394}.Debug|x86.Build.0 = Debug|Any CPU
		{CBB25073-103C-45B3-9C26-27EB67B96394}.Release|Any CPU.ActiveCfg = Release|Any CPU
		{CBB25073-103C-45B3-9C26-27EB67B96394}.Release|Any CPU.Build.0 = Release|Any CPU
		{CBB25073-103C-45B3-9C26-27EB67B96394}.Release|x64.ActiveCfg = Release|Any CPU
		{CBB25073-103C-45B3-9C26-27EB67B96394}.Release|x64.Build.0 = Release|Any CPU
		{CBB25073-103C-45B3-9C26-27EB67B96394}.Release|x86.ActiveCfg = Release|Any CPU
		{CBB25073-103C-45B3-9C26-27EB67B96394}.Release|x86.Build.0 = Release|Any CPU
		{670507CC-C786-4E3C-A319-022AA5A7F8A3}.Debug|Any CPU.ActiveCfg = Debug|Any CPU
		{670507CC-C786-4E3C-A319-022AA5A7F8A3}.Debug|Any CPU.Build.0 = Debug|Any CPU
		{670507CC-C786-4E3C-A319-022AA5A7F8A3}.Debug|x64.ActiveCfg = Debug|Any CPU
		{670507CC-C786-4E3C-A319-022AA5A7F8A3}.Debug|x64.Build.0 = Debug|Any CPU
		{670507CC-C786-4E3C-A319-022AA5A7F8A3}.Debug|x86.ActiveCfg = Debug|Any CPU
		{670507CC-C786-4E3C-A319-022AA5A7F8A3}.Debug|x86.Build.0 = Debug|Any CPU
		{670507CC-C786-4E3C-A319-022AA5A7F8A3}.Release|Any CPU.ActiveCfg = Release|Any CPU
		{670507CC-C786-4E3C-A319-022AA5A7F8A3}.Release|Any CPU.Build.0 = Release|Any CPU
		{670507CC-C786-4E3C-A319-022AA5A7F8A3}.Release|x64.ActiveCfg = Release|Any CPU
		{670507CC-C786-4E3C-A319-022AA5A7F8A3}.Release|x64.Build.0 = Release|Any CPU
		{670507CC-C786-4E3C-A319-022AA5A7F8A3}.Release|x86.ActiveCfg = Release|Any CPU
		{670507CC-C786-4E3C-A319-022AA5A7F8A3}.Release|x86.Build.0 = Release|Any CPU
	EndGlobalSection
	GlobalSection(NestedProjects) = preSolution
		{CBB25073-103C-45B3-9C26-27EB67B96394} = {E86AF5B4-2717-402B-9B3F-CC57435181C5}
		{670507CC-C786-4E3C-A319-022AA5A7F8A3} = {E86AF5B4-2717-402B-9B3F-CC57435181C5}
	EndGlobalSection
EndGlobal
