
Microsoft Visual Studio Solution File, Format Version 12.00
# Visual Studio 15
VisualStudioVersion = 15.0.26124.0
MinimumVisualStudioVersion = 15.0.26124.0
Project("{FAE04EC0-301F-11D3-BF4B-00C04F79EFBC}") = "model", "model\model.csproj", "{49EEE24E-76DA-4E3A-93CE-72BDE678E322}"
EndProject
Project("{FAE04EC0-301F-11D3-BF4B-00C04F79EFBC}") = "dataaccess", "dataaccess\dataaccess.csproj", "{9CC38A7D-FC82-4C05-9ED1-3D39ED0ED361}"
EndProject
Project("{FAE04EC0-301F-11D3-BF4B-00C04F79EFBC}") = "core", "core\core.csproj", "{CA561C16-5DA1-4B16-AF3F-5B7CDEEAD3E6}"
EndProject
Project("{FAE04EC0-301F-11D3-BF4B-00C04F79EFBC}") = "consoleapp", "consoleapp\consoleapp.csproj", "{85206905-D7FD-49F2-9914-F521E6696AB0}"
EndProject
Project("{FAE04EC0-301F-11D3-BF4B-00C04F79EFBC}") = "auth", "auth\auth.csproj", "{0ABAC44D-E03E-451F-863D-89F6E1FA1E92}"
EndProject
Project("{FAE04EC0-301F-11D3-BF4B-00C04F79EFBC}") = "webapi", "webapi\webapi.csproj", "{829DE58C-E7DE-45D4-9D1A-CBCBC607D8EE}"
EndProject
Global
	GlobalSection(SolutionConfigurationPlatforms) = preSolution
		Debug|Any CPU = Debug|Any CPU
		Debug|x64 = Debug|x64
		Debug|x86 = Debug|x86
		Release|Any CPU = Release|Any CPU
		Release|x64 = Release|x64
		Release|x86 = Release|x86
	EndGlobalSection
	GlobalSection(SolutionProperties) = preSolution
		HideSolutionNode = FALSE
	EndGlobalSection
	GlobalSection(ProjectConfigurationPlatforms) = postSolution
		{49EEE24E-76DA-4E3A-93CE-72BDE678E322}.Debug|Any CPU.ActiveCfg = Debug|Any CPU
		{49EEE24E-76DA-4E3A-93CE-72BDE678E322}.Debug|Any CPU.Build.0 = Debug|Any CPU
		{49EEE24E-76DA-4E3A-93CE-72BDE678E322}.Debug|x64.ActiveCfg = Debug|Any CPU
		{49EEE24E-76DA-4E3A-93CE-72BDE678E322}.Debug|x64.Build.0 = Debug|Any CPU
		{49EEE24E-76DA-4E3A-93CE-72BDE678E322}.Debug|x86.ActiveCfg = Debug|Any CPU
		{49EEE24E-76DA-4E3A-93CE-72BDE678E322}.Debug|x86.Build.0 = Debug|Any CPU
		{49EEE24E-76DA-4E3A-93CE-72BDE678E322}.Release|Any CPU.ActiveCfg = Release|Any CPU
		{49EEE24E-76DA-4E3A-93CE-72BDE678E322}.Release|Any CPU.Build.0 = Release|Any CPU
		{49EEE24E-76DA-4E3A-93CE-72BDE678E322}.Release|x64.ActiveCfg = Release|Any CPU
		{49EEE24E-76DA-4E3A-93CE-72BDE678E322}.Release|x64.Build.0 = Release|Any CPU
		{49EEE24E-76DA-4E3A-93CE-72BDE678E322}.Release|x86.ActiveCfg = Release|Any CPU
		{49EEE24E-76DA-4E3A-93CE-72BDE678E322}.Release|x86.Build.0 = Release|Any CPU
		{9CC38A7D-FC82-4C05-9ED1-3D39ED0ED361}.Debug|Any CPU.ActiveCfg = Debug|Any CPU
		{9CC38A7D-FC82-4C05-9ED1-3D39ED0ED361}.Debug|Any CPU.Build.0 = Debug|Any CPU
		{9CC38A7D-FC82-4C05-9ED1-3D39ED0ED361}.Debug|x64.ActiveCfg = Debug|Any CPU
		{9CC38A7D-FC82-4C05-9ED1-3D39ED0ED361}.Debug|x64.Build.0 = Debug|Any CPU
		{9CC38A7D-FC82-4C05-9ED1-3D39ED0ED361}.Debug|x86.ActiveCfg = Debug|Any CPU
		{9CC38A7D-FC82-4C05-9ED1-3D39ED0ED361}.Debug|x86.Build.0 = Debug|Any CPU
		{9CC38A7D-FC82-4C05-9ED1-3D39ED0ED361}.Release|Any CPU.ActiveCfg = Release|Any CPU
		{9CC38A7D-FC82-4C05-9ED1-3D39ED0ED361}.Release|Any CPU.Build.0 = Release|Any CPU
		{9CC38A7D-FC82-4C05-9ED1-3D39ED0ED361}.Release|x64.ActiveCfg = Release|Any CPU
		{9CC38A7D-FC82-4C05-9ED1-3D39ED0ED361}.Release|x64.Build.0 = Release|Any CPU
		{9CC38A7D-FC82-4C05-9ED1-3D39ED0ED361}.Release|x86.ActiveCfg = Release|Any CPU
		{9CC38A7D-FC82-4C05-9ED1-3D39ED0ED361}.Release|x86.Build.0 = Release|Any CPU
		{CA561C16-5DA1-4B16-AF3F-5B7CDEEAD3E6}.Debug|Any CPU.ActiveCfg = Debug|Any CPU
		{CA561C16-5DA1-4B16-AF3F-5B7CDEEAD3E6}.Debug|Any CPU.Build.0 = Debug|Any CPU
		{CA561C16-5DA1-4B16-AF3F-5B7CDEEAD3E6}.Debug|x64.ActiveCfg = Debug|Any CPU
		{CA561C16-5DA1-4B16-AF3F-5B7CDEEAD3E6}.Debug|x64.Build.0 = Debug|Any CPU
		{CA561C16-5DA1-4B16-AF3F-5B7CDEEAD3E6}.Debug|x86.ActiveCfg = Debug|Any CPU
		{CA561C16-5DA1-4B16-AF3F-5B7CDEEAD3E6}.Debug|x86.Build.0 = Debug|Any CPU
		{CA561C16-5DA1-4B16-AF3F-5B7CDEEAD3E6}.Release|Any CPU.ActiveCfg = Release|Any CPU
		{CA561C16-5DA1-4B16-AF3F-5B7CDEEAD3E6}.Release|Any CPU.Build.0 = Release|Any CPU
		{CA561C16-5DA1-4B16-AF3F-5B7CDEEAD3E6}.Release|x64.ActiveCfg = Release|Any CPU
		{CA561C16-5DA1-4B16-AF3F-5B7CDEEAD3E6}.Release|x64.Build.0 = Release|Any CPU
		{CA561C16-5DA1-4B16-AF3F-5B7CDEEAD3E6}.Release|x86.ActiveCfg = Release|Any CPU
		{CA561C16-5DA1-4B16-AF3F-5B7CDEEAD3E6}.Release|x86.Build.0 = Release|Any CPU
		{85206905-D7FD-49F2-9914-F521E6696AB0}.Debug|Any CPU.ActiveCfg = Debug|Any CPU
		{85206905-D7FD-49F2-9914-F521E6696AB0}.Debug|Any CPU.Build.0 = Debug|Any CPU
		{85206905-D7FD-49F2-9914-F521E6696AB0}.Debug|x64.ActiveCfg = Debug|Any CPU
		{85206905-D7FD-49F2-9914-F521E6696AB0}.Debug|x64.Build.0 = Debug|Any CPU
		{85206905-D7FD-49F2-9914-F521E6696AB0}.Debug|x86.ActiveCfg = Debug|Any CPU
		{85206905-D7FD-49F2-9914-F521E6696AB0}.Debug|x86.Build.0 = Debug|Any CPU
		{85206905-D7FD-49F2-9914-F521E6696AB0}.Release|Any CPU.ActiveCfg = Release|Any CPU
		{85206905-D7FD-49F2-9914-F521E6696AB0}.Release|Any CPU.Build.0 = Release|Any CPU
		{85206905-D7FD-49F2-9914-F521E6696AB0}.Release|x64.ActiveCfg = Release|Any CPU
		{85206905-D7FD-49F2-9914-F521E6696AB0}.Release|x64.Build.0 = Release|Any CPU
		{85206905-D7FD-49F2-9914-F521E6696AB0}.Release|x86.ActiveCfg = Release|Any CPU
		{85206905-D7FD-49F2-9914-F521E6696AB0}.Release|x86.Build.0 = Release|Any CPU
		{0ABAC44D-E03E-451F-863D-89F6E1FA1E92}.Debug|Any CPU.ActiveCfg = Debug|Any CPU
		{0ABAC44D-E03E-451F-863D-89F6E1FA1E92}.Debug|Any CPU.Build.0 = Debug|Any CPU
		{0ABAC44D-E03E-451F-863D-89F6E1FA1E92}.Debug|x64.ActiveCfg = Debug|Any CPU
		{0ABAC44D-E03E-451F-863D-89F6E1FA1E92}.Debug|x64.Build.0 = Debug|Any CPU
		{0ABAC44D-E03E-451F-863D-89F6E1FA1E92}.Debug|x86.ActiveCfg = Debug|Any CPU
		{0ABAC44D-E03E-451F-863D-89F6E1FA1E92}.Debug|x86.Build.0 = Debug|Any CPU
		{0ABAC44D-E03E-451F-863D-89F6E1FA1E92}.Release|Any CPU.ActiveCfg = Release|Any CPU
		{0ABAC44D-E03E-451F-863D-89F6E1FA1E92}.Release|Any CPU.Build.0 = Release|Any CPU
		{0ABAC44D-E03E-451F-863D-89F6E1FA1E92}.Release|x64.ActiveCfg = Release|Any CPU
		{0ABAC44D-E03E-451F-863D-89F6E1FA1E92}.Release|x64.Build.0 = Release|Any CPU
		{0ABAC44D-E03E-451F-863D-89F6E1FA1E92}.Release|x86.ActiveCfg = Release|Any CPU
		{0ABAC44D-E03E-451F-863D-89F6E1FA1E92}.Release|x86.Build.0 = Release|Any CPU
		{829DE58C-E7DE-45D4-9D1A-CBCBC607D8EE}.Debug|Any CPU.ActiveCfg = Debug|Any CPU
		{829DE58C-E7DE-45D4-9D1A-CBCBC607D8EE}.Debug|Any CPU.Build.0 = Debug|Any CPU
		{829DE58C-E7DE-45D4-9D1A-CBCBC607D8EE}.Debug|x64.ActiveCfg = Debug|Any CPU
		{829DE58C-E7DE-45D4-9D1A-CBCBC607D8EE}.Debug|x64.Build.0 = Debug|Any CPU
		{829DE58C-E7DE-45D4-9D1A-CBCBC607D8EE}.Debug|x86.ActiveCfg = Debug|Any CPU
		{829DE58C-E7DE-45D4-9D1A-CBCBC607D8EE}.Debug|x86.Build.0 = Debug|Any CPU
		{829DE58C-E7DE-45D4-9D1A-CBCBC607D8EE}.Release|Any CPU.ActiveCfg = Release|Any CPU
		{829DE58C-E7DE-45D4-9D1A-CBCBC607D8EE}.Release|Any CPU.Build.0 = Release|Any CPU
		{829DE58C-E7DE-45D4-9D1A-CBCBC607D8EE}.Release|x64.ActiveCfg = Release|Any CPU
		{829DE58C-E7DE-45D4-9D1A-CBCBC607D8EE}.Release|x64.Build.0 = Release|Any CPU
		{829DE58C-E7DE-45D4-9D1A-CBCBC607D8EE}.Release|x86.ActiveCfg = Release|Any CPU
		{829DE58C-E7DE-45D4-9D1A-CBCBC607D8EE}.Release|x86.Build.0 = Release|Any CPU
	EndGlobalSection
EndGlobal
