
Microsoft Visual Studio Solution File, Format Version 12.00
# Visual Studio 15
VisualStudioVersion = 15.0.26124.0
MinimumVisualStudioVersion = 15.0.26124.0
Project("{FAE04EC0-301F-11D3-BF4B-00C04F79EFBC}") = "auth", "auth\auth.csproj", "{8971B646-95F4-4AD8-AFBB-5E5B59503A4B}"
EndProject
Project("{FAE04EC0-301F-11D3-BF4B-00C04F79EFBC}") = "consoleapp", "consoleapp\consoleapp.csproj", "{175B6868-81EA-4060-BDB3-F5EBD091DBCD}"
EndProject
Project("{FAE04EC0-301F-11D3-BF4B-00C04F79EFBC}") = "core", "core\core.csproj", "{CCE4B232-9BD3-4FEC-AA67-5215C8501E6E}"
EndProject
Project("{FAE04EC0-301F-11D3-BF4B-00C04F79EFBC}") = "dataaccess", "dataaccess\dataaccess.csproj", "{99ACCE78-8D5E-44F9-B137-4615A2981133}"
EndProject
Project("{FAE04EC0-301F-11D3-BF4B-00C04F79EFBC}") = "model", "model\model.csproj", "{F7CC7A41-2E74-413A-B393-BC8501FE4610}"
EndProject
Project("{FAE04EC0-301F-11D3-BF4B-00C04F79EFBC}") = "webapi", "webapi\webapi.csproj", "{BA5D17F0-4223-46C4-AC7C-82659527E285}"
EndProject
Global
	GlobalSection(SolutionConfigurationPlatforms) = preSolution
		Debug|Any CPU = Debug|Any CPU
		Debug|x64 = Debug|x64
		Debug|x86 = Debug|x86
		Release|Any CPU = Release|Any CPU
		Release|x64 = Release|x64
		Release|x86 = Release|x86
	EndGlobalSection
	GlobalSection(SolutionProperties) = preSolution
		HideSolutionNode = FALSE
	EndGlobalSection
	GlobalSection(ProjectConfigurationPlatforms) = postSolution
		{8971B646-95F4-4AD8-AFBB-5E5B59503A4B}.Debug|Any CPU.ActiveCfg = Debug|Any CPU
		{8971B646-95F4-4AD8-AFBB-5E5B59503A4B}.Debug|Any CPU.Build.0 = Debug|Any CPU
		{8971B646-95F4-4AD8-AFBB-5E5B59503A4B}.Debug|x64.ActiveCfg = Debug|Any CPU
		{8971B646-95F4-4AD8-AFBB-5E5B59503A4B}.Debug|x64.Build.0 = Debug|Any CPU
		{8971B646-95F4-4AD8-AFBB-5E5B59503A4B}.Debug|x86.ActiveCfg = Debug|Any CPU
		{8971B646-95F4-4AD8-AFBB-5E5B59503A4B}.Debug|x86.Build.0 = Debug|Any CPU
		{8971B646-95F4-4AD8-AFBB-5E5B59503A4B}.Release|Any CPU.ActiveCfg = Release|Any CPU
		{8971B646-95F4-4AD8-AFBB-5E5B59503A4B}.Release|Any CPU.Build.0 = Release|Any CPU
		{8971B646-95F4-4AD8-AFBB-5E5B59503A4B}.Release|x64.ActiveCfg = Release|Any CPU
		{8971B646-95F4-4AD8-AFBB-5E5B59503A4B}.Release|x64.Build.0 = Release|Any CPU
		{8971B646-95F4-4AD8-AFBB-5E5B59503A4B}.Release|x86.ActiveCfg = Release|Any CPU
		{8971B646-95F4-4AD8-AFBB-5E5B59503A4B}.Release|x86.Build.0 = Release|Any CPU
		{175B6868-81EA-4060-BDB3-F5EBD091DBCD}.Debug|Any CPU.ActiveCfg = Debug|Any CPU
		{175B6868-81EA-4060-BDB3-F5EBD091DBCD}.Debug|Any CPU.Build.0 = Debug|Any CPU
		{175B6868-81EA-4060-BDB3-F5EBD091DBCD}.Debug|x64.ActiveCfg = Debug|Any CPU
		{175B6868-81EA-4060-BDB3-F5EBD091DBCD}.Debug|x64.Build.0 = Debug|Any CPU
		{175B6868-81EA-4060-BDB3-F5EBD091DBCD}.Debug|x86.ActiveCfg = Debug|Any CPU
		{175B6868-81EA-4060-BDB3-F5EBD091DBCD}.Debug|x86.Build.0 = Debug|Any CPU
		{175B6868-81EA-4060-BDB3-F5EBD091DBCD}.Release|Any CPU.ActiveCfg = Release|Any CPU
		{175B6868-81EA-4060-BDB3-F5EBD091DBCD}.Release|Any CPU.Build.0 = Release|Any CPU
		{175B6868-81EA-4060-BDB3-F5EBD091DBCD}.Release|x64.ActiveCfg = Release|Any CPU
		{175B6868-81EA-4060-BDB3-F5EBD091DBCD}.Release|x64.Build.0 = Release|Any CPU
		{175B6868-81EA-4060-BDB3-F5EBD091DBCD}.Release|x86.ActiveCfg = Release|Any CPU
		{175B6868-81EA-4060-BDB3-F5EBD091DBCD}.Release|x86.Build.0 = Release|Any CPU
		{CCE4B232-9BD3-4FEC-AA67-5215C8501E6E}.Debug|Any CPU.ActiveCfg = Debug|Any CPU
		{CCE4B232-9BD3-4FEC-AA67-5215C8501E6E}.Debug|Any CPU.Build.0 = Debug|Any CPU
		{CCE4B232-9BD3-4FEC-AA67-5215C8501E6E}.Debug|x64.ActiveCfg = Debug|Any CPU
		{CCE4B232-9BD3-4FEC-AA67-5215C8501E6E}.Debug|x64.Build.0 = Debug|Any CPU
		{CCE4B232-9BD3-4FEC-AA67-5215C8501E6E}.Debug|x86.ActiveCfg = Debug|Any CPU
		{CCE4B232-9BD3-4FEC-AA67-5215C8501E6E}.Debug|x86.Build.0 = Debug|Any CPU
		{CCE4B232-9BD3-4FEC-AA67-5215C8501E6E}.Release|Any CPU.ActiveCfg = Release|Any CPU
		{CCE4B232-9BD3-4FEC-AA67-5215C8501E6E}.Release|Any CPU.Build.0 = Release|Any CPU
		{CCE4B232-9BD3-4FEC-AA67-5215C8501E6E}.Release|x64.ActiveCfg = Release|Any CPU
		{CCE4B232-9BD3-4FEC-AA67-5215C8501E6E}.Release|x64.Build.0 = Release|Any CPU
		{CCE4B232-9BD3-4FEC-AA67-5215C8501E6E}.Release|x86.ActiveCfg = Release|Any CPU
		{CCE4B232-9BD3-4FEC-AA67-5215C8501E6E}.Release|x86.Build.0 = Release|Any CPU
		{99ACCE78-8D5E-44F9-B137-4615A2981133}.Debug|Any CPU.ActiveCfg = Debug|Any CPU
		{99ACCE78-8D5E-44F9-B137-4615A2981133}.Debug|Any CPU.Build.0 = Debug|Any CPU
		{99ACCE78-8D5E-44F9-B137-4615A2981133}.Debug|x64.ActiveCfg = Debug|Any CPU
		{99ACCE78-8D5E-44F9-B137-4615A2981133}.Debug|x64.Build.0 = Debug|Any CPU
		{99ACCE78-8D5E-44F9-B137-4615A2981133}.Debug|x86.ActiveCfg = Debug|Any CPU
		{99ACCE78-8D5E-44F9-B137-4615A2981133}.Debug|x86.Build.0 = Debug|Any CPU
		{99ACCE78-8D5E-44F9-B137-4615A2981133}.Release|Any CPU.ActiveCfg = Release|Any CPU
		{99ACCE78-8D5E-44F9-B137-4615A2981133}.Release|Any CPU.Build.0 = Release|Any CPU
		{99ACCE78-8D5E-44F9-B137-4615A2981133}.Release|x64.ActiveCfg = Release|Any CPU
		{99ACCE78-8D5E-44F9-B137-4615A2981133}.Release|x64.Build.0 = Release|Any CPU
		{99ACCE78-8D5E-44F9-B137-4615A2981133}.Release|x86.ActiveCfg = Release|Any CPU
		{99ACCE78-8D5E-44F9-B137-4615A2981133}.Release|x86.Build.0 = Release|Any CPU
		{F7CC7A41-2E74-413A-B393-BC8501FE4610}.Debug|Any CPU.ActiveCfg = Debug|Any CPU
		{F7CC7A41-2E74-413A-B393-BC8501FE4610}.Debug|Any CPU.Build.0 = Debug|Any CPU
		{F7CC7A41-2E74-413A-B393-BC8501FE4610}.Debug|x64.ActiveCfg = Debug|Any CPU
		{F7CC7A41-2E74-413A-B393-BC8501FE4610}.Debug|x64.Build.0 = Debug|Any CPU
		{F7CC7A41-2E74-413A-B393-BC8501FE4610}.Debug|x86.ActiveCfg = Debug|Any CPU
		{F7CC7A41-2E74-413A-B393-BC8501FE4610}.Debug|x86.Build.0 = Debug|Any CPU
		{F7CC7A41-2E74-413A-B393-BC8501FE4610}.Release|Any CPU.ActiveCfg = Release|Any CPU
		{F7CC7A41-2E74-413A-B393-BC8501FE4610}.Release|Any CPU.Build.0 = Release|Any CPU
		{F7CC7A41-2E74-413A-B393-BC8501FE4610}.Release|x64.ActiveCfg = Release|Any CPU
		{F7CC7A41-2E74-413A-B393-BC8501FE4610}.Release|x64.Build.0 = Release|Any CPU
		{F7CC7A41-2E74-413A-B393-BC8501FE4610}.Release|x86.ActiveCfg = Release|Any CPU
		{F7CC7A41-2E74-413A-B393-BC8501FE4610}.Release|x86.Build.0 = Release|Any CPU
		{BA5D17F0-4223-46C4-AC7C-82659527E285}.Debug|Any CPU.ActiveCfg = Debug|Any CPU
		{BA5D17F0-4223-46C4-AC7C-82659527E285}.Debug|Any CPU.Build.0 = Debug|Any CPU
		{BA5D17F0-4223-46C4-AC7C-82659527E285}.Debug|x64.ActiveCfg = Debug|Any CPU
		{BA5D17F0-4223-46C4-AC7C-82659527E285}.Debug|x64.Build.0 = Debug|Any CPU
		{BA5D17F0-4223-46C4-AC7C-82659527E285}.Debug|x86.ActiveCfg = Debug|Any CPU
		{BA5D17F0-4223-46C4-AC7C-82659527E285}.Debug|x86.Build.0 = Debug|Any CPU
		{BA5D17F0-4223-46C4-AC7C-82659527E285}.Release|Any CPU.ActiveCfg = Release|Any CPU
		{BA5D17F0-4223-46C4-AC7C-82659527E285}.Release|Any CPU.Build.0 = Release|Any CPU
		{BA5D17F0-4223-46C4-AC7C-82659527E285}.Release|x64.ActiveCfg = Release|Any CPU
		{BA5D17F0-4223-46C4-AC7C-82659527E285}.Release|x64.Build.0 = Release|Any CPU
		{BA5D17F0-4223-46C4-AC7C-82659527E285}.Release|x86.ActiveCfg = Release|Any CPU
		{BA5D17F0-4223-46C4-AC7C-82659527E285}.Release|x86.Build.0 = Release|Any CPU
	EndGlobalSection
	GlobalSection(NestedProjects) = preSolution
		{8971B646-95F4-4AD8-AFBB-5E5B59503A4B} = {73BD32BA-A675-471B-8D9A-E10A8D6EC1FE}
		{175B6868-81EA-4060-BDB3-F5EBD091DBCD} = {73BD32BA-A675-471B-8D9A-E10A8D6EC1FE}
		{CCE4B232-9BD3-4FEC-AA67-5215C8501E6E} = {73BD32BA-A675-471B-8D9A-E10A8D6EC1FE}
		{99ACCE78-8D5E-44F9-B137-4615A2981133} = {73BD32BA-A675-471B-8D9A-E10A8D6EC1FE}
		{F7CC7A41-2E74-413A-B393-BC8501FE4610} = {73BD32BA-A675-471B-8D9A-E10A8D6EC1FE}
		{BA5D17F0-4223-46C4-AC7C-82659527E285} = {73BD32BA-A675-471B-8D9A-E10A8D6EC1FE}
	EndGlobalSection
EndGlobal
